
Microsoft Visual Studio Solution File, Format Version 12.00
# Visual Studio 14
VisualStudioVersion = 14.0.23107.0
MinimumVisualStudioVersion = 10.0.40219.1
Project("{FAE04EC0-301F-11D3-BF4B-00C04F79EFBC}") = "HooksPOC", "HooksPOC\HooksPOC.csproj", "{8003786D-E340-4894-8EE1-FB167C74ABD4}"
EndProject
Project("{FAE04EC0-301F-11D3-BF4B-00C04F79EFBC}") = "HooksPOCTest", "HooksPOCTest\HooksPOCTest.csproj", "{649D97A0-0CE9-40D4-AA83-2B5804431A3D}"
EndProject
Global
	GlobalSection(SolutionConfigurationPlatforms) = preSolution
		Debug|Any CPU = Debug|Any CPU
		Release|Any CPU = Release|Any CPU
	EndGlobalSection
	GlobalSection(ProjectConfigurationPlatforms) = postSolution
		{8003786D-E340-4894-8EE1-FB167C74ABD4}.Debug|Any CPU.ActiveCfg = Debug|Any CPU
		{8003786D-E340-4894-8EE1-FB167C74ABD4}.Debug|Any CPU.Build.0 = Debug|Any CPU
		{8003786D-E340-4894-8EE1-FB167C74ABD4}.Release|Any CPU.ActiveCfg = Release|Any CPU
		{8003786D-E340-4894-8EE1-FB167C74ABD4}.Release|Any CPU.Build.0 = Release|Any CPU
		{649D97A0-0CE9-40D4-AA83-2B5804431A3D}.Debug|Any CPU.ActiveCfg = Debug|Any CPU
		{649D97A0-0CE9-40D4-AA83-2B5804431A3D}.Debug|Any CPU.Build.0 = Debug|Any CPU
		{649D97A0-0CE9-40D4-AA83-2B5804431A3D}.Release|Any CPU.ActiveCfg = Release|Any CPU
		{649D97A0-0CE9-40D4-AA83-2B5804431A3D}.Release|Any CPU.Build.0 = Release|Any CPU
	EndGlobalSection
	GlobalSection(SolutionProperties) = preSolution
		HideSolutionNode = FALSE
	EndGlobalSection
EndGlobal
